
Microsoft Visual Studio Solution File, Format Version 12.00
# Visual Studio 15
VisualStudioVersion = 15.0.27703.2047
MinimumVisualStudioVersion = 10.0.40219.1
Project("{FAE04EC0-301F-11D3-BF4B-00C04F79EFBC}") = "ZooDb", "ZooDb\ZooDb.csproj", "{D0847B45-5E90-4E67-81A2-B1DFF68EDBD8}"
EndProject
Global
	GlobalSection(SolutionConfigurationPlatforms) = preSolution
		Debug|Any CPU = Debug|Any CPU
		Release|Any CPU = Release|Any CPU
	EndGlobalSection
	GlobalSection(ProjectConfigurationPlatforms) = postSolution
		{D0847B45-5E90-4E67-81A2-B1DFF68EDBD8}.Debug|Any CPU.ActiveCfg = Debug|Any CPU
		{D0847B45-5E90-4E67-81A2-B1DFF68EDBD8}.Debug|Any CPU.Build.0 = Debug|Any CPU
		{D0847B45-5E90-4E67-81A2-B1DFF68EDBD8}.Release|Any CPU.ActiveCfg = Release|Any CPU
		{D0847B45-5E90-4E67-81A2-B1DFF68EDBD8}.Release|Any CPU.Build.0 = Release|Any CPU
	EndGlobalSection
	GlobalSection(SolutionProperties) = preSolution
		HideSolutionNode = FALSE
	EndGlobalSection
	GlobalSection(ExtensibilityGlobals) = postSolution
		SolutionGuid = {0DCB587D-3C2F-41EB-ACF2-68983729688C}
	EndGlobalSection
EndGlobal
